
Microsoft Visual Studio Solution File, Format Version 12.00
# Visual Studio Version 17
VisualStudioVersion = 17.10.35027.167
MinimumVisualStudioVersion = 10.0.40219.1
Project("{FAE04EC0-301F-11D3-BF4B-00C04F79EFBC}") = "CSharp_Desglosar_un_importe_en_billetes-monedas", "CSharp_Desglosar_un_importe_en_billetes-monedas\CSharp_Desglosar_un_importe_en_billetes-monedas.csproj", "{C10B1CFF-A8A4-42BA-A77B-83A22A8041CC}"
EndProject
Global
	GlobalSection(SolutionConfigurationPlatforms) = preSolution
		Debug|Any CPU = Debug|Any CPU
		Release|Any CPU = Release|Any CPU
	EndGlobalSection
	GlobalSection(ProjectConfigurationPlatforms) = postSolution
		{C10B1CFF-A8A4-42BA-A77B-83A22A8041CC}.Debug|Any CPU.ActiveCfg = Debug|Any CPU
		{C10B1CFF-A8A4-42BA-A77B-83A22A8041CC}.Debug|Any CPU.Build.0 = Debug|Any CPU
		{C10B1CFF-A8A4-42BA-A77B-83A22A8041CC}.Release|Any CPU.ActiveCfg = Release|Any CPU
		{C10B1CFF-A8A4-42BA-A77B-83A22A8041CC}.Release|Any CPU.Build.0 = Release|Any CPU
	EndGlobalSection
	GlobalSection(SolutionProperties) = preSolution
		HideSolutionNode = FALSE
	EndGlobalSection
	GlobalSection(ExtensibilityGlobals) = postSolution
		SolutionGuid = {4F219C27-8400-42DD-814B-47201C79452A}
	EndGlobalSection
EndGlobal
